
Microsoft Visual Studio Solution File, Format Version 12.00
# Visual Studio Version 17
VisualStudioVersion = 17.0.31825.309
MinimumVisualStudioVersion = 10.0.40219.1
Project("{FAE04EC0-301F-11D3-BF4B-00C04F79EFBC}") = "AppServiceInProcess", "AppServiceInProcess\AppServiceInProcess.csproj", "{EEB53863-0F1F-48FD-9ACA-6BCAD252D87F}"
EndProject
Project("{C7167F0D-BC9F-4E6E-AFE1-012C56B48DB5}") = "AppServiceInProcess.Pack", "AppServiceInProcess.Pack\AppServiceInProcess.Pack.wapproj", "{8E3D51C8-EDE4-4670-A280-8861DF90EE51}"
EndProject
Project("{9A19103F-16F7-4668-BE54-9A1E7A4F7556}") = "LongRunConsole", "LongRunConsole\LongRunConsole.csproj", "{213A2DE5-D027-42C9-BE4D-664ABFED3D9E}"
EndProject
Project("{9A19103F-16F7-4668-BE54-9A1E7A4F7556}") = "AppServiceClient", "AppServiceClient\AppServiceClient.csproj", "{B2A98307-83E1-4D4F-853E-F0A1D35E385A}"
EndProject
Global
	GlobalSection(SolutionConfigurationPlatforms) = preSolution
		Debug|Any CPU = Debug|Any CPU
		Debug|ARM = Debug|ARM
		Debug|ARM64 = Debug|ARM64
		Debug|x64 = Debug|x64
		Debug|x86 = Debug|x86
		Release|Any CPU = Release|Any CPU
		Release|ARM = Release|ARM
		Release|ARM64 = Release|ARM64
		Release|x64 = Release|x64
		Release|x86 = Release|x86
	EndGlobalSection
	GlobalSection(ProjectConfigurationPlatforms) = postSolution
		{EEB53863-0F1F-48FD-9ACA-6BCAD252D87F}.Debug|Any CPU.ActiveCfg = Debug|x64
		{EEB53863-0F1F-48FD-9ACA-6BCAD252D87F}.Debug|Any CPU.Build.0 = Debug|x64
		{EEB53863-0F1F-48FD-9ACA-6BCAD252D87F}.Debug|Any CPU.Deploy.0 = Debug|x64
		{EEB53863-0F1F-48FD-9ACA-6BCAD252D87F}.Debug|ARM.ActiveCfg = Debug|ARM
		{EEB53863-0F1F-48FD-9ACA-6BCAD252D87F}.Debug|ARM.Build.0 = Debug|ARM
		{EEB53863-0F1F-48FD-9ACA-6BCAD252D87F}.Debug|ARM.Deploy.0 = Debug|ARM
		{EEB53863-0F1F-48FD-9ACA-6BCAD252D87F}.Debug|ARM64.ActiveCfg = Debug|ARM64
		{EEB53863-0F1F-48FD-9ACA-6BCAD252D87F}.Debug|ARM64.Build.0 = Debug|ARM64
		{EEB53863-0F1F-48FD-9ACA-6BCAD252D87F}.Debug|ARM64.Deploy.0 = Debug|ARM64
		{EEB53863-0F1F-48FD-9ACA-6BCAD252D87F}.Debug|x64.ActiveCfg = Debug|x64
		{EEB53863-0F1F-48FD-9ACA-6BCAD252D87F}.Debug|x64.Build.0 = Debug|x64
		{EEB53863-0F1F-48FD-9ACA-6BCAD252D87F}.Debug|x64.Deploy.0 = Debug|x64
		{EEB53863-0F1F-48FD-9ACA-6BCAD252D87F}.Debug|x86.ActiveCfg = Debug|x86
		{EEB53863-0F1F-48FD-9ACA-6BCAD252D87F}.Debug|x86.Build.0 = Debug|x86
		{EEB53863-0F1F-48FD-9ACA-6BCAD252D87F}.Debug|x86.Deploy.0 = Debug|x86
		{EEB53863-0F1F-48FD-9ACA-6BCAD252D87F}.Release|Any CPU.ActiveCfg = Release|x64
		{EEB53863-0F1F-48FD-9ACA-6BCAD252D87F}.Release|Any CPU.Build.0 = Release|x64
		{EEB53863-0F1F-48FD-9ACA-6BCAD252D87F}.Release|Any CPU.Deploy.0 = Release|x64
		{EEB53863-0F1F-48FD-9ACA-6BCAD252D87F}.Release|ARM.ActiveCfg = Release|ARM
		{EEB53863-0F1F-48FD-9ACA-6BCAD252D87F}.Release|ARM.Build.0 = Release|ARM
		{EEB53863-0F1F-48FD-9ACA-6BCAD252D87F}.Release|ARM.Deploy.0 = Release|ARM
		{EEB53863-0F1F-48FD-9ACA-6BCAD252D87F}.Release|ARM64.ActiveCfg = Release|ARM64
		{EEB53863-0F1F-48FD-9ACA-6BCAD252D87F}.Release|ARM64.Build.0 = Release|ARM64
		{EEB53863-0F1F-48FD-9ACA-6BCAD252D87F}.Release|ARM64.Deploy.0 = Release|ARM64
		{EEB53863-0F1F-48FD-9ACA-6BCAD252D87F}.Release|x64.ActiveCfg = Release|x64
		{EEB53863-0F1F-48FD-9ACA-6BCAD252D87F}.Release|x64.Build.0 = Release|x64
		{EEB53863-0F1F-48FD-9ACA-6BCAD252D87F}.Release|x64.Deploy.0 = Release|x64
		{EEB53863-0F1F-48FD-9ACA-6BCAD252D87F}.Release|x86.ActiveCfg = Release|x86
		{EEB53863-0F1F-48FD-9ACA-6BCAD252D87F}.Release|x86.Build.0 = Release|x86
		{EEB53863-0F1F-48FD-9ACA-6BCAD252D87F}.Release|x86.Deploy.0 = Release|x86
		{8E3D51C8-EDE4-4670-A280-8861DF90EE51}.Debug|Any CPU.ActiveCfg = Debug|Any CPU
		{8E3D51C8-EDE4-4670-A280-8861DF90EE51}.Debug|Any CPU.Build.0 = Debug|Any CPU
		{8E3D51C8-EDE4-4670-A280-8861DF90EE51}.Debug|Any CPU.Deploy.0 = Debug|Any CPU
		{8E3D51C8-EDE4-4670-A280-8861DF90EE51}.Debug|ARM.ActiveCfg = Debug|ARM
		{8E3D51C8-EDE4-4670-A280-8861DF90EE51}.Debug|ARM.Build.0 = Debug|ARM
		{8E3D51C8-EDE4-4670-A280-8861DF90EE51}.Debug|ARM.Deploy.0 = Debug|ARM
		{8E3D51C8-EDE4-4670-A280-8861DF90EE51}.Debug|ARM64.ActiveCfg = Debug|ARM64
		{8E3D51C8-EDE4-4670-A280-8861DF90EE51}.Debug|ARM64.Build.0 = Debug|ARM64
		{8E3D51C8-EDE4-4670-A280-8861DF90EE51}.Debug|ARM64.Deploy.0 = Debug|ARM64
		{8E3D51C8-EDE4-4670-A280-8861DF90EE51}.Debug|x64.ActiveCfg = Debug|x64
		{8E3D51C8-EDE4-4670-A280-8861DF90EE51}.Debug|x64.Build.0 = Debug|x64
		{8E3D51C8-EDE4-4670-A280-8861DF90EE51}.Debug|x64.Deploy.0 = Debug|x64
		{8E3D51C8-EDE4-4670-A280-8861DF90EE51}.Debug|x86.ActiveCfg = Debug|x86
		{8E3D51C8-EDE4-4670-A280-8861DF90EE51}.Debug|x86.Build.0 = Debug|x86
		{8E3D51C8-EDE4-4670-A280-8861DF90EE51}.Debug|x86.Deploy.0 = Debug|x86
		{8E3D51C8-EDE4-4670-A280-8861DF90EE51}.Release|Any CPU.ActiveCfg = Release|Any CPU
		{8E3D51C8-EDE4-4670-A280-8861DF90EE51}.Release|Any CPU.Build.0 = Release|Any CPU
		{8E3D51C8-EDE4-4670-A280-8861DF90EE51}.Release|Any CPU.Deploy.0 = Release|Any CPU
		{8E3D51C8-EDE4-4670-A280-8861DF90EE51}.Release|ARM.ActiveCfg = Release|ARM
		{8E3D51C8-EDE4-4670-A280-8861DF90EE51}.Release|ARM.Build.0 = Release|ARM
		{8E3D51C8-EDE4-4670-A280-8861DF90EE51}.Release|ARM.Deploy.0 = Release|ARM
		{8E3D51C8-EDE4-4670-A280-8861DF90EE51}.Release|ARM64.ActiveCfg = Release|ARM64
		{8E3D51C8-EDE4-4670-A280-8861DF90EE51}.Release|ARM64.Build.0 = Release|ARM64
		{8E3D51C8-EDE4-4670-A280-8861DF90EE51}.Release|ARM64.Deploy.0 = Release|ARM64
		{8E3D51C8-EDE4-4670-A280-8861DF90EE51}.Release|x64.ActiveCfg = Release|x64
		{8E3D51C8-EDE4-4670-A280-8861DF90EE51}.Release|x64.Build.0 = Release|x64
		{8E3D51C8-EDE4-4670-A280-8861DF90EE51}.Release|x64.Deploy.0 = Release|x64
		{8E3D51C8-EDE4-4670-A280-8861DF90EE51}.Release|x86.ActiveCfg = Release|x86
		{8E3D51C8-EDE4-4670-A280-8861DF90EE51}.Release|x86.Build.0 = Release|x86
		{8E3D51C8-EDE4-4670-A280-8861DF90EE51}.Release|x86.Deploy.0 = Release|x86
		{213A2DE5-D027-42C9-BE4D-664ABFED3D9E}.Debug|Any CPU.ActiveCfg = Debug|x64
		{213A2DE5-D027-42C9-BE4D-664ABFED3D9E}.Debug|Any CPU.Build.0 = Debug|x64
		{213A2DE5-D027-42C9-BE4D-664ABFED3D9E}.Debug|ARM.ActiveCfg = Debug|x64
		{213A2DE5-D027-42C9-BE4D-664ABFED3D9E}.Debug|ARM.Build.0 = Debug|x64
		{213A2DE5-D027-42C9-BE4D-664ABFED3D9E}.Debug|ARM64.ActiveCfg = Debug|x64
		{213A2DE5-D027-42C9-BE4D-664ABFED3D9E}.Debug|ARM64.Build.0 = Debug|x64
		{213A2DE5-D027-42C9-BE4D-664ABFED3D9E}.Debug|x64.ActiveCfg = Debug|x64
		{213A2DE5-D027-42C9-BE4D-664ABFED3D9E}.Debug|x64.Build.0 = Debug|x64
		{213A2DE5-D027-42C9-BE4D-664ABFED3D9E}.Debug|x86.ActiveCfg = Debug|x86
		{213A2DE5-D027-42C9-BE4D-664ABFED3D9E}.Debug|x86.Build.0 = Debug|x86
		{213A2DE5-D027-42C9-BE4D-664ABFED3D9E}.Release|Any CPU.ActiveCfg = Release|x64
		{213A2DE5-D027-42C9-BE4D-664ABFED3D9E}.Release|Any CPU.Build.0 = Release|x64
		{213A2DE5-D027-42C9-BE4D-664ABFED3D9E}.Release|ARM.ActiveCfg = Release|x64
		{213A2DE5-D027-42C9-BE4D-664ABFED3D9E}.Release|ARM.Build.0 = Release|x64
		{213A2DE5-D027-42C9-BE4D-664ABFED3D9E}.Release|ARM64.ActiveCfg = Release|x64
		{213A2DE5-D027-42C9-BE4D-664ABFED3D9E}.Release|ARM64.Build.0 = Release|x64
		{213A2DE5-D027-42C9-BE4D-664ABFED3D9E}.Release|x64.ActiveCfg = Release|x64
		{213A2DE5-D027-42C9-BE4D-664ABFED3D9E}.Release|x64.Build.0 = Release|x64
		{213A2DE5-D027-42C9-BE4D-664ABFED3D9E}.Release|x86.ActiveCfg = Release|x86
		{213A2DE5-D027-42C9-BE4D-664ABFED3D9E}.Release|x86.Build.0 = Release|x86
		{B2A98307-83E1-4D4F-853E-F0A1D35E385A}.Debug|Any CPU.ActiveCfg = Debug|Any CPU
		{B2A98307-83E1-4D4F-853E-F0A1D35E385A}.Debug|Any CPU.Build.0 = Debug|Any CPU
		{B2A98307-83E1-4D4F-853E-F0A1D35E385A}.Debug|ARM.ActiveCfg = Debug|Any CPU
		{B2A98307-83E1-4D4F-853E-F0A1D35E385A}.Debug|ARM.Build.0 = Debug|Any CPU
		{B2A98307-83E1-4D4F-853E-F0A1D35E385A}.Debug|ARM64.ActiveCfg = Debug|Any CPU
		{B2A98307-83E1-4D4F-853E-F0A1D35E385A}.Debug|ARM64.Build.0 = Debug|Any CPU
		{B2A98307-83E1-4D4F-853E-F0A1D35E385A}.Debug|x64.ActiveCfg = Debug|Any CPU
		{B2A98307-83E1-4D4F-853E-F0A1D35E385A}.Debug|x64.Build.0 = Debug|Any CPU
		{B2A98307-83E1-4D4F-853E-F0A1D35E385A}.Debug|x86.ActiveCfg = Debug|Any CPU
		{B2A98307-83E1-4D4F-853E-F0A1D35E385A}.Debug|x86.Build.0 = Debug|Any CPU
		{B2A98307-83E1-4D4F-853E-F0A1D35E385A}.Release|Any CPU.ActiveCfg = Release|Any CPU
		{B2A98307-83E1-4D4F-853E-F0A1D35E385A}.Release|Any CPU.Build.0 = Release|Any CPU
		{B2A98307-83E1-4D4F-853E-F0A1D35E385A}.Release|ARM.ActiveCfg = Release|Any CPU
		{B2A98307-83E1-4D4F-853E-F0A1D35E385A}.Release|ARM.Build.0 = Release|Any CPU
		{B2A98307-83E1-4D4F-853E-F0A1D35E385A}.Release|ARM64.ActiveCfg = Release|Any CPU
		{B2A98307-83E1-4D4F-853E-F0A1D35E385A}.Release|ARM64.Build.0 = Release|Any CPU
		{B2A98307-83E1-4D4F-853E-F0A1D35E385A}.Release|x64.ActiveCfg = Release|Any CPU
		{B2A98307-83E1-4D4F-853E-F0A1D35E385A}.Release|x64.Build.0 = Release|Any CPU
		{B2A98307-83E1-4D4F-853E-F0A1D35E385A}.Release|x86.ActiveCfg = Release|Any CPU
		{B2A98307-83E1-4D4F-853E-F0A1D35E385A}.Release|x86.Build.0 = Release|Any CPU
	EndGlobalSection
	GlobalSection(SolutionProperties) = preSolution
		HideSolutionNode = FALSE
	EndGlobalSection
	GlobalSection(ExtensibilityGlobals) = postSolution
		SolutionGuid = {62896342-C306-4D30-AB15-A367E614B377}
	EndGlobalSection
EndGlobal
